{
  "lockfileVersion": 1,
  "configVersion": 1,
  "workspaces": {
    "": {
      "name": "scamguard-sos",
      "dependencies": {
        "maxmind": "5.0.7",
      },
    },
  },
  "packages": {
    "maxmind": ["maxmind@5.0.7", "", { "dependencies": { "mmdb-lib": "3.0.3", "tiny-lru": "13.0.0" } }, "sha512-+w637dwfv01MKjkrp4sKDBTEKHLPvWLYb647QTjiz3wG/teSemqudIKNShaS6eqZ7ffxC9oZlQQgIqY0rGojog=="],

    "mmdb-lib": ["mmdb-lib@3.0.3", "", {}, "sha512-xQPoBXcNjjHiOvOraFBKtA++uNWF6aCVHL9dRKFXEov8eI3QJwtgiw3qApsonFT5SpoqsEVISUTg3HIDs2DiXw=="],

    "tiny-lru": ["tiny-lru@13.0.0", "", {}, "sha512-xDHxKKS1FdF0Tv2P+QT7IeSEg74K/8cEDzbv3Tv6UyHHUgBOjOiQiBp818MGj66dhurQus/IBcoAbwIKtSGc6Q=="],
  }
}
